
Microsoft Visual Studio Solution File, Format Version 12.00
# Visual Studio Version 16
VisualStudioVersion = 16.0.29319.158
MinimumVisualStudioVersion = 10.0.40219.1
Project("{2150E333-8FDC-42A3-9474-1A3956D46DE8}") = "Library", "Library", "{94F75AA9-D8F5-43C9-89F8-E9350B902551}"
EndProject
Project("{2150E333-8FDC-42A3-9474-1A3956D46DE8}") = "Aviant", "Aviant", "{156F254C-9A51-4679-A60D-C7C2BF129235}"
EndProject
Project("{2150E333-8FDC-42A3-9474-1A3956D46DE8}") = "src", "src", "{A39F70CC-02AB-4054-9A19-66457BA6F432}"
EndProject
Project("{2150E333-8FDC-42A3-9474-1A3956D46DE8}") = "Kernel", "Kernel", "{8F02BD00-0510-4536-A081-A4C3F5B3A4C1}"
EndProject
Project("{FAE04EC0-301F-11D3-BF4B-00C04F79EFBC}") = "Core", "Library\Aviant\src\Kernel\Core\Core.csproj", "{8F83C72F-3495-4BAD-A74D-2489BF3AE122}"
EndProject
Project("{FAE04EC0-301F-11D3-BF4B-00C04F79EFBC}") = "Application", "Library\Aviant\src\Kernel\Application\Application.csproj", "{AE27788E-9E26-4C00-9BFB-668A5A37D0E6}"
EndProject
Project("{FAE04EC0-301F-11D3-BF4B-00C04F79EFBC}") = "Infrastructure", "Library\Aviant\src\Kernel\Infrastructure\Infrastructure.csproj", "{49EBAF89-7CF5-41E6-BC83-38A0885204C9}"
EndProject
Project("{2150E333-8FDC-42A3-9474-1A3956D46DE8}") = "EventSourcing", "EventSourcing", "{9AC0B6A9-BBF2-4593-9CEF-2DD59C80C8ED}"
EndProject
Project("{FAE04EC0-301F-11D3-BF4B-00C04F79EFBC}") = "Core", "Library\Aviant\src\EventSourcing\Core\Core.csproj", "{06D76654-585A-41DA-BB2C-F085FE9ED7B0}"
EndProject
Project("{FAE04EC0-301F-11D3-BF4B-00C04F79EFBC}") = "Application", "Library\Aviant\src\EventSourcing\Application\Application.csproj", "{9DBA328E-EBD0-4248-B135-1D5C5948B699}"
EndProject
Project("{FAE04EC0-301F-11D3-BF4B-00C04F79EFBC}") = "Infrastructure", "Library\Aviant\src\EventSourcing\Infrastructure\Infrastructure.csproj", "{C06AE4C3-5B6C-4F6D-8354-964B7F1D725A}"
EndProject
Project("{2150E333-8FDC-42A3-9474-1A3956D46DE8}") = "Identity", "Identity", "{6961C247-7CCB-4D12-A2A7-87E3C54E1491}"
EndProject
Project("{FAE04EC0-301F-11D3-BF4B-00C04F79EFBC}") = "Application", "Library\Aviant\src\Identity\Application\Application.csproj", "{F5576F60-1225-4003-956D-EFE513D10428}"
EndProject
Project("{FAE04EC0-301F-11D3-BF4B-00C04F79EFBC}") = "Infrastructure", "Library\Aviant\src\Identity\Infrastructure\Infrastructure.csproj", "{BC3FED9F-89F1-48D3-A5A8-1D0B07215748}"
EndProject
Project("{2150E333-8FDC-42A3-9474-1A3956D46DE8}") = "Persistence", "Persistence", "{07ABC1BA-1CAC-4CD8-9B1B-CE354A53A461}"
EndProject
Project("{FAE04EC0-301F-11D3-BF4B-00C04F79EFBC}") = "Infrastructure", "Library\Aviant\src\Persistence\Infrastructure\Infrastructure.csproj", "{985F4869-FD5C-47C8-8E6F-AACF97DA6858}"
EndProject
Project("{FAE04EC0-301F-11D3-BF4B-00C04F79EFBC}") = "Application", "Library\Aviant\src\Persistence\Application\Application.csproj", "{9C278E4C-5883-412A-85C3-7386B6ABCB7E}"
EndProject
Project("{FAE04EC0-301F-11D3-BF4B-00C04F79EFBC}") = "Core", "Library\Aviant\src\Persistence\Core\Core.csproj", "{A5958A45-D19C-4EFA-BAA8-918C273A6E9D}"
EndProject
Project("{FAE04EC0-301F-11D3-BF4B-00C04F79EFBC}") = "Core", "Library\Aviant\src\Identity\Core\Core.csproj", "{00D9CDBC-AA33-4856-BA6D-6D1E988FF8A7}"
EndProject
Project("{2150E333-8FDC-42A3-9474-1A3956D46DE8}") = "Email", "Email", "{99BC47B1-A61C-401E-BFDB-F5ECBEB22AFB}"
EndProject
Project("{FAE04EC0-301F-11D3-BF4B-00C04F79EFBC}") = "Application", "Library\Aviant\src\Email\Application\Application.csproj", "{DF73B424-9E83-426B-8330-89436EB53510}"
EndProject
Project("{FAE04EC0-301F-11D3-BF4B-00C04F79EFBC}") = "Infrastructure", "Library\Aviant\src\Email\Infrastructure\Infrastructure.csproj", "{1F67FA9C-CB9F-4A11-BDE5-410F410C3646}"
EndProject
Project("{2150E333-8FDC-42A3-9474-1A3956D46DE8}") = "Jobs", "Jobs", "{919AFBAB-53DA-45BE-BA03-7B12BBB60F8A}"
EndProject
Project("{FAE04EC0-301F-11D3-BF4B-00C04F79EFBC}") = "Application", "Library\Aviant\src\Jobs\Application\Application.csproj", "{CEE3A625-37F1-4D4E-A41B-115B1A539285}"
EndProject
Project("{FAE04EC0-301F-11D3-BF4B-00C04F79EFBC}") = "Infrastructure", "Library\Aviant\src\Jobs\Infrastructure\Infrastructure.csproj", "{BEB1F5B8-288E-4A91-8678-5BCD2E435C26}"
EndProject
Project("{2150E333-8FDC-42A3-9474-1A3956D46DE8}") = "DDD", "DDD", "{6571EB1E-DC94-4FAA-92C7-F68E733B0317}"
EndProject
Project("{FAE04EC0-301F-11D3-BF4B-00C04F79EFBC}") = "Core", "Library\Aviant\src\DDD\Core\Core.csproj", "{C8661195-2AB4-463E-80F6-88395DB2F6CF}"
EndProject
Project("{FAE04EC0-301F-11D3-BF4B-00C04F79EFBC}") = "Application", "Library\Aviant\src\DDD\Application\Application.csproj", "{0066323F-398D-49D8-85C2-DBAAE2DD05CE}"
EndProject
Project("{FAE04EC0-301F-11D3-BF4B-00C04F79EFBC}") = "Infrastructure", "Library\Aviant\src\DDD\Infrastructure\Infrastructure.csproj", "{5B84B5ED-3F8F-491E-9363-BC3C34500131}"
EndProject
Project("{2150E333-8FDC-42A3-9474-1A3956D46DE8}") = "Domains", "Domains", "{ABFBE2B9-C15D-4859-A0B4-A164993CD20F}"
EndProject
Project("{2150E333-8FDC-42A3-9474-1A3956D46DE8}") = "Account", "Account", "{4538BE13-8328-486B-8357-C335831E1837}"
EndProject
Project("{2150E333-8FDC-42A3-9474-1A3956D46DE8}") = "Todo", "Todo", "{0B883E23-F443-44B0-ADF5-4701E9040CAF}"
EndProject
Project("{2150E333-8FDC-42A3-9474-1A3956D46DE8}") = "Hosts", "Hosts", "{AE1FA0B8-7EA8-4963-AAC0-29CD671E6555}"
EndProject
Project("{2150E333-8FDC-42A3-9474-1A3956D46DE8}") = "Tests", "Tests", "{898850C6-6483-4017-9BF9-EEB8B779978F}"
EndProject
Project("{2150E333-8FDC-42A3-9474-1A3956D46DE8}") = "RestApi", "RestApi", "{E01153CB-E80C-491C-BA7B-BDCA26223184}"
EndProject
Project("{2150E333-8FDC-42A3-9474-1A3956D46DE8}") = "Tests", "Tests", "{6603F915-AFBE-4FBC-8C16-FAB953CF0E4E}"
EndProject
Project("{FAE04EC0-301F-11D3-BF4B-00C04F79EFBC}") = "Behaviour", "Domains\Account\Tests\Behaviour\Behaviour.csproj", "{DE5E98F2-E68C-45FF-A0B5-9FD613ED5AD2}"
EndProject
Project("{FAE04EC0-301F-11D3-BF4B-00C04F79EFBC}") = "Integration", "Domains\Account\Tests\Integration\Integration.csproj", "{CF3F4E3C-8284-4679-82D3-EE7741519431}"
EndProject
Project("{FAE04EC0-301F-11D3-BF4B-00C04F79EFBC}") = "Unit", "Domains\Account\Tests\Unit\Unit.csproj", "{96C76148-634C-4006-BBE3-FACC7C7054D6}"
EndProject
Project("{FAE04EC0-301F-11D3-BF4B-00C04F79EFBC}") = "Presentation", "Domains\Account\Hosts\RestApi\Presentation\Presentation.csproj", "{A2A1B51E-EB21-4622-89B8-6334415BE901}"
EndProject
Project("{FAE04EC0-301F-11D3-BF4B-00C04F79EFBC}") = "Behaviour", "Domains\Account\Hosts\RestApi\Tests\Behaviour\Behaviour.csproj", "{8DD7F261-AEA5-431C-AFFE-A379AC830B70}"
EndProject
Project("{FAE04EC0-301F-11D3-BF4B-00C04F79EFBC}") = "Core", "Domains\Account\Core\Core.csproj", "{646E0AD8-6551-4723-A575-82529F52A7A8}"
EndProject
Project("{FAE04EC0-301F-11D3-BF4B-00C04F79EFBC}") = "Application", "Domains\Account\Application\Application.csproj", "{EC82516E-3B20-4A6D-AEE8-64C675B90DEE}"
EndProject
Project("{FAE04EC0-301F-11D3-BF4B-00C04F79EFBC}") = "Infrastructure", "Domains\Account\Infrastructure\Infrastructure.csproj", "{6CB21B38-5944-458A-A247-5E813D675A25}"
EndProject
Project("{FAE04EC0-301F-11D3-BF4B-00C04F79EFBC}") = "CrossCutting", "Domains\Account\CrossCutting\CrossCutting.csproj", "{A0E2CA24-4CEF-46C3-BC89-E6ED651F9D33}"
EndProject
Project("{2150E333-8FDC-42A3-9474-1A3956D46DE8}") = "Hosts", "Hosts", "{A81C09FF-4F14-46FF-8326-DBFA6D379912}"
EndProject
Project("{2150E333-8FDC-42A3-9474-1A3956D46DE8}") = "Tests", "Tests", "{C3821F1E-9168-42DA-9824-D101F0C00B93}"
EndProject
Project("{2150E333-8FDC-42A3-9474-1A3956D46DE8}") = "RestApi", "RestApi", "{981EBF63-EE0D-41CB-A3F0-EB77E40D01FD}"
EndProject
Project("{2150E333-8FDC-42A3-9474-1A3956D46DE8}") = "Tests", "Tests", "{1FA2B339-4D71-48EE-961A-2C1046FEEA47}"
EndProject
Project("{FAE04EC0-301F-11D3-BF4B-00C04F79EFBC}") = "Presentation", "Domains\Todo\Hosts\RestApi\Presentation\Presentation.csproj", "{D9DD0B70-9A7F-45DB-B826-61FD1F413776}"
EndProject
Project("{FAE04EC0-301F-11D3-BF4B-00C04F79EFBC}") = "Behaviour", "Domains\Todo\Hosts\RestApi\Tests\Behaviour\Behaviour.csproj", "{811150DC-3BC0-43C2-9492-62ADACE1DBE5}"
EndProject
Project("{2150E333-8FDC-42A3-9474-1A3956D46DE8}") = "SubDomains", "SubDomains", "{A5B046B9-8448-4503-B62E-E05DD78F5DEF}"
EndProject
Project("{2150E333-8FDC-42A3-9474-1A3956D46DE8}") = "TodoItem", "TodoItem", "{53160217-3611-45B4-9709-8677D15F1B8F}"
EndProject
Project("{2150E333-8FDC-42A3-9474-1A3956D46DE8}") = "TodoList", "TodoList", "{65C75740-5394-4B1D-A918-B657D5D0BDE5}"
EndProject
Project("{2150E333-8FDC-42A3-9474-1A3956D46DE8}") = "Hosts", "Hosts", "{EDA51E7A-4F66-4246-A99C-BDAFA85DB6B4}"
EndProject
Project("{2150E333-8FDC-42A3-9474-1A3956D46DE8}") = "Tests", "Tests", "{C9015C9E-BF96-4B5B-B27A-5357D458C749}"
EndProject
Project("{2150E333-8FDC-42A3-9474-1A3956D46DE8}") = "RestApi", "RestApi", "{FAD91323-8714-46D8-9257-FE01E2782398}"
EndProject
Project("{2150E333-8FDC-42A3-9474-1A3956D46DE8}") = "Tests", "Tests", "{3FC0FFB5-4761-4828-AC18-47C7B81A5EDE}"
EndProject
Project("{FAE04EC0-301F-11D3-BF4B-00C04F79EFBC}") = "Behaviour", "Domains\Todo\SubDomains\TodoList\Hosts\RestApi\Tests\Behaviour\Behaviour.csproj", "{28D1022A-CB23-4244-A9D6-B2027A6ADE2B}"
EndProject
Project("{FAE04EC0-301F-11D3-BF4B-00C04F79EFBC}") = "Presentation", "Domains\Todo\SubDomains\TodoList\Hosts\RestApi\Presentation\Presentation.csproj", "{755105A1-C447-4A1F-9DD8-B668C9D2DBAD}"
EndProject
Project("{FAE04EC0-301F-11D3-BF4B-00C04F79EFBC}") = "Behaviour", "Domains\Todo\SubDomains\TodoList\Tests\Behaviour\Behaviour.csproj", "{5776F01D-A992-4606-82A3-3D91F328F5CE}"
EndProject
Project("{FAE04EC0-301F-11D3-BF4B-00C04F79EFBC}") = "Core", "Domains\Todo\SubDomains\TodoList\Core\Core.csproj", "{F7270FD6-FD26-4EC3-B3BC-070F4986FC53}"
EndProject
Project("{FAE04EC0-301F-11D3-BF4B-00C04F79EFBC}") = "Application", "Domains\Todo\SubDomains\TodoList\Application\Application.csproj", "{A4D7B1B0-A3C8-4C5E-A8DE-BE2A82748FEB}"
EndProject
Project("{FAE04EC0-301F-11D3-BF4B-00C04F79EFBC}") = "Infrastructure", "Domains\Todo\SubDomains\TodoList\Infrastructure\Infrastructure.csproj", "{33426016-D6AD-43C2-8E07-209898CDC492}"
EndProject
Project("{2150E333-8FDC-42A3-9474-1A3956D46DE8}") = "Hosts", "Hosts", "{EB291ADA-69A7-402E-92AC-EA22A4251C8A}"
EndProject
Project("{2150E333-8FDC-42A3-9474-1A3956D46DE8}") = "Tests", "Tests", "{0A8A2B6E-0F62-47B2-9A1B-166E6EE5FF3D}"
EndProject
Project("{2150E333-8FDC-42A3-9474-1A3956D46DE8}") = "RestApi", "RestApi", "{897284EB-344D-4645-B814-99CB28AEA682}"
EndProject
Project("{FAE04EC0-301F-11D3-BF4B-00C04F79EFBC}") = "Behaviour", "Domains\Todo\SubDomains\TodoItem\Tests\Behaviour\Behaviour.csproj", "{9F0B4753-2457-4CBA-B318-1FF16DA7947A}"
EndProject
Project("{2150E333-8FDC-42A3-9474-1A3956D46DE8}") = "Tests", "Tests", "{0737B9FA-394D-4B6D-BF4B-7E51A97B5B53}"
EndProject
Project("{FAE04EC0-301F-11D3-BF4B-00C04F79EFBC}") = "Behaviour", "Domains\Todo\SubDomains\TodoItem\Hosts\RestApi\Tests\Behaviour\Behaviour.csproj", "{53A42E45-94D9-4977-B75D-DB5D3938E2E2}"
EndProject
Project("{FAE04EC0-301F-11D3-BF4B-00C04F79EFBC}") = "Presentation", "Domains\Todo\SubDomains\TodoItem\Hosts\RestApi\Presentation\Presentation.csproj", "{2C3BD717-9EF4-409B-9128-10D58AC70C28}"
EndProject
Project("{FAE04EC0-301F-11D3-BF4B-00C04F79EFBC}") = "Core", "Domains\Todo\SubDomains\TodoItem\Core\Core.csproj", "{A6BBE38E-AFE3-48EA-BED2-69614FF8753B}"
EndProject
Project("{FAE04EC0-301F-11D3-BF4B-00C04F79EFBC}") = "Application", "Domains\Todo\SubDomains\TodoItem\Application\Application.csproj", "{5D071CE9-54F0-44EA-B574-7FABD12A5194}"
EndProject
Project("{FAE04EC0-301F-11D3-BF4B-00C04F79EFBC}") = "Infrastructure", "Domains\Todo\SubDomains\TodoItem\Infrastructure\Infrastructure.csproj", "{279B15D4-CF40-4C24-9D4D-5622ADA0BE05}"
EndProject
Project("{FAE04EC0-301F-11D3-BF4B-00C04F79EFBC}") = "Behaviour", "Domains\Todo\Tests\Behaviour\Behaviour.csproj", "{FF7D0068-16E8-47C9-ADE7-A01901440623}"
EndProject
Project("{FAE04EC0-301F-11D3-BF4B-00C04F79EFBC}") = "Integration", "Domains\Todo\Tests\Integration\Integration.csproj", "{7171098E-1C99-4A95-9AD8-B78D46A6FCD2}"
EndProject
Project("{FAE04EC0-301F-11D3-BF4B-00C04F79EFBC}") = "Unit", "Domains\Todo\Tests\Unit\Unit.csproj", "{1DF1F6F3-53C7-43AE-833B-42411347DE6F}"
EndProject
Project("{FAE04EC0-301F-11D3-BF4B-00C04F79EFBC}") = "Core", "Domains\Todo\Core\Core.csproj", "{795E8AD4-FE84-4A54-8B37-650620B7E328}"
EndProject
Project("{FAE04EC0-301F-11D3-BF4B-00C04F79EFBC}") = "Application", "Domains\Todo\Application\Application.csproj", "{74AFA52A-A1F4-4A11-BFA2-398678648B91}"
EndProject
Project("{FAE04EC0-301F-11D3-BF4B-00C04F79EFBC}") = "Infrastructure", "Domains\Todo\Infrastructure\Infrastructure.csproj", "{8F6BB0A3-2B2E-4119-A764-95937D4F1593}"
EndProject
Project("{FAE04EC0-301F-11D3-BF4B-00C04F79EFBC}") = "CrossCutting", "Domains\Todo\CrossCutting\CrossCutting.csproj", "{CBDB5A53-5705-49FD-9C31-850B7C214017}"
EndProject
Project("{2150E333-8FDC-42A3-9474-1A3956D46DE8}") = "Hosts", "Hosts", "{4E4A33E0-8A4D-4E9E-99CA-C9B8CD8378CF}"
EndProject
Project("{2150E333-8FDC-42A3-9474-1A3956D46DE8}") = "RestApi", "RestApi", "{6068CF4E-7E2E-4E36-A3EC-FD62CFE49D1F}"
EndProject
Project("{2150E333-8FDC-42A3-9474-1A3956D46DE8}") = "Tests", "Tests", "{C41C64F8-2522-4A67-AC07-378FCDB06234}"
EndProject
Project("{FAE04EC0-301F-11D3-BF4B-00C04F79EFBC}") = "Behaviour", "Hosts\RestApi\Tests\Behaviour\Behaviour.csproj", "{1B4DDA13-FD75-49DB-AFDD-F03034A0C61F}"
EndProject
Project("{FAE04EC0-301F-11D3-BF4B-00C04F79EFBC}") = "Core", "Hosts\RestApi\Core\Core.csproj", "{6C4655AB-0A8E-4DF4-8159-1C7BD6993EF8}"
EndProject
Project("{FAE04EC0-301F-11D3-BF4B-00C04F79EFBC}") = "Presentation", "Hosts\RestApi\Presentation\Presentation.csproj", "{4FB5B663-41A4-4980-8AC6-BDBE0ADA2C92}"
EndProject
Project("{2150E333-8FDC-42A3-9474-1A3956D46DE8}") = "Weather", "Weather", "{92C66757-37C1-4E0E-B5A8-27527151E8A5}"
EndProject
Project("{2150E333-8FDC-42A3-9474-1A3956D46DE8}") = "Hosts", "Hosts", "{0955ABFC-668F-4E07-8D75-B099499153E2}"
EndProject
Project("{2150E333-8FDC-42A3-9474-1A3956D46DE8}") = "RestApi", "RestApi", "{39A23226-DCB1-453B-945E-68A14114E62D}"
EndProject
Project("{2150E333-8FDC-42A3-9474-1A3956D46DE8}") = "Tests", "Tests", "{E90E3046-AA64-4FD7-A4D7-627B4F029461}"
EndProject
Project("{FAE04EC0-301F-11D3-BF4B-00C04F79EFBC}") = "Behaviour", "Domains\Weather\Hosts\RestApi\Tests\Behaviour\Behaviour.csproj", "{E84682C9-F475-4E51-90BB-402A9E87C9E0}"
EndProject
Project("{FAE04EC0-301F-11D3-BF4B-00C04F79EFBC}") = "Presentation", "Domains\Weather\Hosts\RestApi\Presentation\Presentation.csproj", "{0E63DDF0-5CB2-4287-9F12-18EBC7126001}"
EndProject
Project("{2150E333-8FDC-42A3-9474-1A3956D46DE8}") = "Tests", "Tests", "{307E70DC-4DF4-4B3C-8FFA-669D20143475}"
EndProject
Project("{FAE04EC0-301F-11D3-BF4B-00C04F79EFBC}") = "Behaviour", "Domains\Weather\Tests\Behaviour\Behaviour.csproj", "{453F0C3D-10DE-4D68-B2B0-91AA199D2DDD}"
EndProject
Project("{FAE04EC0-301F-11D3-BF4B-00C04F79EFBC}") = "Application", "Domains\Weather\Application\Application.csproj", "{3EB6F8EA-AF0F-444D-9202-1E2183AF73EE}"
EndProject
Project("{FAE04EC0-301F-11D3-BF4B-00C04F79EFBC}") = "CrossCutting", "Domains\Weather\CrossCutting\CrossCutting.csproj", "{0F73456E-9876-4B33-8BE5-BEDC07547D6C}"
EndProject
Project("{FAE04EC0-301F-11D3-BF4B-00C04F79EFBC}") = "Infrastructure", "Domains\Weather\Infrastructure\Infrastructure.csproj", "{40654DE7-DEE4-4C0D-A5D2-3915ED6E43C0}"
EndProject
Project("{FAE04EC0-301F-11D3-BF4B-00C04F79EFBC}") = "CrossCutting", "Domains\Todo\SubDomains\TodoList\CrossCutting\CrossCutting.csproj", "{D8622152-EB15-4118-828C-DF6A49D7A037}"
EndProject
Project("{FAE04EC0-301F-11D3-BF4B-00C04F79EFBC}") = "CrossCutting", "Domains\Todo\SubDomains\TodoItem\CrossCutting\CrossCutting.csproj", "{56E91E22-9D8D-4B5D-A0C1-D9B6A62EF740}"
EndProject
Project("{2150E333-8FDC-42A3-9474-1A3956D46DE8}") = "tests", "tests", "{930B2F99-F538-487F-813E-E733350C15FE}"
EndProject
Project("{2150E333-8FDC-42A3-9474-1A3956D46DE8}") = "WebApp", "WebApp", "{F727F492-3955-4D67-A79D-37A8CBD426A1}"
EndProject
Project("{2150E333-8FDC-42A3-9474-1A3956D46DE8}") = "Tests", "Tests", "{70AF2CB1-CA9C-4ABF-8889-660F4B1C82A6}"
EndProject
Project("{FAE04EC0-301F-11D3-BF4B-00C04F79EFBC}") = "Ui", "Hosts\WebApp\Tests\Ui\Ui.csproj", "{5C47E2F6-8723-4D3A-9BA2-022A05509FC9}"
EndProject
Project("{FAE04EC0-301F-11D3-BF4B-00C04F79EFBC}") = "Presentation", "Hosts\WebApp\Presentation\Presentation.csproj", "{5914EEA0-6FEF-4D64-A6EE-9B23FDEC19A3}"
EndProject
Project("{2150E333-8FDC-42A3-9474-1A3956D46DE8}") = "WebApp", "WebApp", "{2A58BB24-F9A5-4363-9AB2-B7C8B8298C0B}"
EndProject
Project("{2150E333-8FDC-42A3-9474-1A3956D46DE8}") = "Tests", "Tests", "{62DE499A-5313-4C4C-BB7A-FBB822350A78}"
EndProject
Project("{FAE04EC0-301F-11D3-BF4B-00C04F79EFBC}") = "Presentation", "Domains\Weather\Hosts\WebApp\Presentation\Presentation.csproj", "{5AC06796-F886-47A1-844E-75C8A955C3EA}"
EndProject
Project("{FAE04EC0-301F-11D3-BF4B-00C04F79EFBC}") = "Core", "Hosts\WebApp\Core\Core.csproj", "{0A097D11-9CB4-416F-AD7C-53C6FD2AB57B}"
EndProject
Project("{2150E333-8FDC-42A3-9474-1A3956D46DE8}") = "Shared", "Shared", "{4A502855-3537-4B0D-9B91-D490E67A17BE}"
EndProject
Project("{FAE04EC0-301F-11D3-BF4B-00C04F79EFBC}") = "Core", "Domains\Shared\Core\Core.csproj", "{F5208052-1FE4-4DB2-86B0-677E48DB01FC}"
EndProject
Project("{FAE04EC0-301F-11D3-BF4B-00C04F79EFBC}") = "Core", "Domains\Weather\Core\Core.csproj", "{E5F53AAA-A1DE-4F38-A4FA-664598966C2F}"
EndProject
Project("{FAE04EC0-301F-11D3-BF4B-00C04F79EFBC}") = "Worker", "Hosts\Worker\Worker.csproj", "{76B2D7ED-67AF-48CA-A107-263329651CD0}"
EndProject
Project("{FAE04EC0-301F-11D3-BF4B-00C04F79EFBC}") = "Application", "Domains\Shared\Application\Application.csproj", "{CA1238B6-798A-436F-936E-C0CCFC768D0A}"
EndProject
Project("{FAE04EC0-301F-11D3-BF4B-00C04F79EFBC}") = "Infrastructure", "Domains\Shared\Infrastructure\Infrastructure.csproj", "{AAB306BA-578A-4901-B3EA-937A5B30F04B}"
EndProject
Project("{FAE04EC0-301F-11D3-BF4B-00C04F79EFBC}") = "Core", "Domains\Todo\Hosts\RestApi\Core\Core.csproj", "{8222BDF6-58A8-4A51-8E84-0E822209D624}"
EndProject
Global
	GlobalSection(SolutionConfigurationPlatforms) = preSolution
		Debug|Any CPU = Debug|Any CPU
		Release|Any CPU = Release|Any CPU
	EndGlobalSection
	GlobalSection(ProjectConfigurationPlatforms) = postSolution
		{AE27788E-9E26-4C00-9BFB-668A5A37D0E6}.Debug|Any CPU.ActiveCfg = Debug|Any CPU
		{AE27788E-9E26-4C00-9BFB-668A5A37D0E6}.Debug|Any CPU.Build.0 = Debug|Any CPU
		{AE27788E-9E26-4C00-9BFB-668A5A37D0E6}.Release|Any CPU.ActiveCfg = Release|Any CPU
		{AE27788E-9E26-4C00-9BFB-668A5A37D0E6}.Release|Any CPU.Build.0 = Release|Any CPU
		{49EBAF89-7CF5-41E6-BC83-38A0885204C9}.Debug|Any CPU.ActiveCfg = Debug|Any CPU
		{49EBAF89-7CF5-41E6-BC83-38A0885204C9}.Debug|Any CPU.Build.0 = Debug|Any CPU
		{49EBAF89-7CF5-41E6-BC83-38A0885204C9}.Release|Any CPU.ActiveCfg = Release|Any CPU
		{49EBAF89-7CF5-41E6-BC83-38A0885204C9}.Release|Any CPU.Build.0 = Release|Any CPU
		{DE5E98F2-E68C-45FF-A0B5-9FD613ED5AD2}.Debug|Any CPU.ActiveCfg = Debug|Any CPU
		{DE5E98F2-E68C-45FF-A0B5-9FD613ED5AD2}.Debug|Any CPU.Build.0 = Debug|Any CPU
		{DE5E98F2-E68C-45FF-A0B5-9FD613ED5AD2}.Release|Any CPU.ActiveCfg = Release|Any CPU
		{DE5E98F2-E68C-45FF-A0B5-9FD613ED5AD2}.Release|Any CPU.Build.0 = Release|Any CPU
		{CF3F4E3C-8284-4679-82D3-EE7741519431}.Debug|Any CPU.ActiveCfg = Debug|Any CPU
		{CF3F4E3C-8284-4679-82D3-EE7741519431}.Debug|Any CPU.Build.0 = Debug|Any CPU
		{CF3F4E3C-8284-4679-82D3-EE7741519431}.Release|Any CPU.ActiveCfg = Release|Any CPU
		{CF3F4E3C-8284-4679-82D3-EE7741519431}.Release|Any CPU.Build.0 = Release|Any CPU
		{96C76148-634C-4006-BBE3-FACC7C7054D6}.Debug|Any CPU.ActiveCfg = Debug|Any CPU
		{96C76148-634C-4006-BBE3-FACC7C7054D6}.Debug|Any CPU.Build.0 = Debug|Any CPU
		{96C76148-634C-4006-BBE3-FACC7C7054D6}.Release|Any CPU.ActiveCfg = Release|Any CPU
		{96C76148-634C-4006-BBE3-FACC7C7054D6}.Release|Any CPU.Build.0 = Release|Any CPU
		{A2A1B51E-EB21-4622-89B8-6334415BE901}.Debug|Any CPU.ActiveCfg = Debug|Any CPU
		{A2A1B51E-EB21-4622-89B8-6334415BE901}.Debug|Any CPU.Build.0 = Debug|Any CPU
		{A2A1B51E-EB21-4622-89B8-6334415BE901}.Release|Any CPU.ActiveCfg = Release|Any CPU
		{A2A1B51E-EB21-4622-89B8-6334415BE901}.Release|Any CPU.Build.0 = Release|Any CPU
		{8DD7F261-AEA5-431C-AFFE-A379AC830B70}.Debug|Any CPU.ActiveCfg = Debug|Any CPU
		{8DD7F261-AEA5-431C-AFFE-A379AC830B70}.Debug|Any CPU.Build.0 = Debug|Any CPU
		{8DD7F261-AEA5-431C-AFFE-A379AC830B70}.Release|Any CPU.ActiveCfg = Release|Any CPU
		{8DD7F261-AEA5-431C-AFFE-A379AC830B70}.Release|Any CPU.Build.0 = Release|Any CPU
		{646E0AD8-6551-4723-A575-82529F52A7A8}.Debug|Any CPU.ActiveCfg = Debug|Any CPU
		{646E0AD8-6551-4723-A575-82529F52A7A8}.Debug|Any CPU.Build.0 = Debug|Any CPU
		{646E0AD8-6551-4723-A575-82529F52A7A8}.Release|Any CPU.ActiveCfg = Release|Any CPU
		{646E0AD8-6551-4723-A575-82529F52A7A8}.Release|Any CPU.Build.0 = Release|Any CPU
		{EC82516E-3B20-4A6D-AEE8-64C675B90DEE}.Debug|Any CPU.ActiveCfg = Debug|Any CPU
		{EC82516E-3B20-4A6D-AEE8-64C675B90DEE}.Debug|Any CPU.Build.0 = Debug|Any CPU
		{EC82516E-3B20-4A6D-AEE8-64C675B90DEE}.Release|Any CPU.ActiveCfg = Release|Any CPU
		{EC82516E-3B20-4A6D-AEE8-64C675B90DEE}.Release|Any CPU.Build.0 = Release|Any CPU
		{6CB21B38-5944-458A-A247-5E813D675A25}.Debug|Any CPU.ActiveCfg = Debug|Any CPU
		{6CB21B38-5944-458A-A247-5E813D675A25}.Debug|Any CPU.Build.0 = Debug|Any CPU
		{6CB21B38-5944-458A-A247-5E813D675A25}.Release|Any CPU.ActiveCfg = Release|Any CPU
		{6CB21B38-5944-458A-A247-5E813D675A25}.Release|Any CPU.Build.0 = Release|Any CPU
		{A0E2CA24-4CEF-46C3-BC89-E6ED651F9D33}.Debug|Any CPU.ActiveCfg = Debug|Any CPU
		{A0E2CA24-4CEF-46C3-BC89-E6ED651F9D33}.Debug|Any CPU.Build.0 = Debug|Any CPU
		{A0E2CA24-4CEF-46C3-BC89-E6ED651F9D33}.Release|Any CPU.ActiveCfg = Release|Any CPU
		{A0E2CA24-4CEF-46C3-BC89-E6ED651F9D33}.Release|Any CPU.Build.0 = Release|Any CPU
		{D9DD0B70-9A7F-45DB-B826-61FD1F413776}.Debug|Any CPU.ActiveCfg = Debug|Any CPU
		{D9DD0B70-9A7F-45DB-B826-61FD1F413776}.Debug|Any CPU.Build.0 = Debug|Any CPU
		{D9DD0B70-9A7F-45DB-B826-61FD1F413776}.Release|Any CPU.ActiveCfg = Release|Any CPU
		{D9DD0B70-9A7F-45DB-B826-61FD1F413776}.Release|Any CPU.Build.0 = Release|Any CPU
		{811150DC-3BC0-43C2-9492-62ADACE1DBE5}.Debug|Any CPU.ActiveCfg = Debug|Any CPU
		{811150DC-3BC0-43C2-9492-62ADACE1DBE5}.Debug|Any CPU.Build.0 = Debug|Any CPU
		{811150DC-3BC0-43C2-9492-62ADACE1DBE5}.Release|Any CPU.ActiveCfg = Release|Any CPU
		{811150DC-3BC0-43C2-9492-62ADACE1DBE5}.Release|Any CPU.Build.0 = Release|Any CPU
		{28D1022A-CB23-4244-A9D6-B2027A6ADE2B}.Debug|Any CPU.ActiveCfg = Debug|Any CPU
		{28D1022A-CB23-4244-A9D6-B2027A6ADE2B}.Debug|Any CPU.Build.0 = Debug|Any CPU
		{28D1022A-CB23-4244-A9D6-B2027A6ADE2B}.Release|Any CPU.ActiveCfg = Release|Any CPU
		{28D1022A-CB23-4244-A9D6-B2027A6ADE2B}.Release|Any CPU.Build.0 = Release|Any CPU
		{755105A1-C447-4A1F-9DD8-B668C9D2DBAD}.Debug|Any CPU.ActiveCfg = Debug|Any CPU
		{755105A1-C447-4A1F-9DD8-B668C9D2DBAD}.Debug|Any CPU.Build.0 = Debug|Any CPU
		{755105A1-C447-4A1F-9DD8-B668C9D2DBAD}.Release|Any CPU.ActiveCfg = Release|Any CPU
		{755105A1-C447-4A1F-9DD8-B668C9D2DBAD}.Release|Any CPU.Build.0 = Release|Any CPU
		{5776F01D-A992-4606-82A3-3D91F328F5CE}.Debug|Any CPU.ActiveCfg = Debug|Any CPU
		{5776F01D-A992-4606-82A3-3D91F328F5CE}.Debug|Any CPU.Build.0 = Debug|Any CPU
		{5776F01D-A992-4606-82A3-3D91F328F5CE}.Release|Any CPU.ActiveCfg = Release|Any CPU
		{5776F01D-A992-4606-82A3-3D91F328F5CE}.Release|Any CPU.Build.0 = Release|Any CPU
		{F7270FD6-FD26-4EC3-B3BC-070F4986FC53}.Debug|Any CPU.ActiveCfg = Debug|Any CPU
		{F7270FD6-FD26-4EC3-B3BC-070F4986FC53}.Debug|Any CPU.Build.0 = Debug|Any CPU
		{F7270FD6-FD26-4EC3-B3BC-070F4986FC53}.Release|Any CPU.ActiveCfg = Release|Any CPU
		{F7270FD6-FD26-4EC3-B3BC-070F4986FC53}.Release|Any CPU.Build.0 = Release|Any CPU
		{A4D7B1B0-A3C8-4C5E-A8DE-BE2A82748FEB}.Debug|Any CPU.ActiveCfg = Debug|Any CPU
		{A4D7B1B0-A3C8-4C5E-A8DE-BE2A82748FEB}.Debug|Any CPU.Build.0 = Debug|Any CPU
		{A4D7B1B0-A3C8-4C5E-A8DE-BE2A82748FEB}.Release|Any CPU.ActiveCfg = Release|Any CPU
		{A4D7B1B0-A3C8-4C5E-A8DE-BE2A82748FEB}.Release|Any CPU.Build.0 = Release|Any CPU
		{33426016-D6AD-43C2-8E07-209898CDC492}.Debug|Any CPU.ActiveCfg = Debug|Any CPU
		{33426016-D6AD-43C2-8E07-209898CDC492}.Debug|Any CPU.Build.0 = Debug|Any CPU
		{33426016-D6AD-43C2-8E07-209898CDC492}.Release|Any CPU.ActiveCfg = Release|Any CPU
		{33426016-D6AD-43C2-8E07-209898CDC492}.Release|Any CPU.Build.0 = Release|Any CPU
		{9F0B4753-2457-4CBA-B318-1FF16DA7947A}.Debug|Any CPU.ActiveCfg = Debug|Any CPU
		{9F0B4753-2457-4CBA-B318-1FF16DA7947A}.Debug|Any CPU.Build.0 = Debug|Any CPU
		{9F0B4753-2457-4CBA-B318-1FF16DA7947A}.Release|Any CPU.ActiveCfg = Release|Any CPU
		{9F0B4753-2457-4CBA-B318-1FF16DA7947A}.Release|Any CPU.Build.0 = Release|Any CPU
		{53A42E45-94D9-4977-B75D-DB5D3938E2E2}.Debug|Any CPU.ActiveCfg = Debug|Any CPU
		{53A42E45-94D9-4977-B75D-DB5D3938E2E2}.Debug|Any CPU.Build.0 = Debug|Any CPU
		{53A42E45-94D9-4977-B75D-DB5D3938E2E2}.Release|Any CPU.ActiveCfg = Release|Any CPU
		{53A42E45-94D9-4977-B75D-DB5D3938E2E2}.Release|Any CPU.Build.0 = Release|Any CPU
		{2C3BD717-9EF4-409B-9128-10D58AC70C28}.Debug|Any CPU.ActiveCfg = Debug|Any CPU
		{2C3BD717-9EF4-409B-9128-10D58AC70C28}.Debug|Any CPU.Build.0 = Debug|Any CPU
		{2C3BD717-9EF4-409B-9128-10D58AC70C28}.Release|Any CPU.ActiveCfg = Release|Any CPU
		{2C3BD717-9EF4-409B-9128-10D58AC70C28}.Release|Any CPU.Build.0 = Release|Any CPU
		{A6BBE38E-AFE3-48EA-BED2-69614FF8753B}.Debug|Any CPU.ActiveCfg = Debug|Any CPU
		{A6BBE38E-AFE3-48EA-BED2-69614FF8753B}.Debug|Any CPU.Build.0 = Debug|Any CPU
		{A6BBE38E-AFE3-48EA-BED2-69614FF8753B}.Release|Any CPU.ActiveCfg = Release|Any CPU
		{A6BBE38E-AFE3-48EA-BED2-69614FF8753B}.Release|Any CPU.Build.0 = Release|Any CPU
		{5D071CE9-54F0-44EA-B574-7FABD12A5194}.Debug|Any CPU.ActiveCfg = Debug|Any CPU
		{5D071CE9-54F0-44EA-B574-7FABD12A5194}.Debug|Any CPU.Build.0 = Debug|Any CPU
		{5D071CE9-54F0-44EA-B574-7FABD12A5194}.Release|Any CPU.ActiveCfg = Release|Any CPU
		{5D071CE9-54F0-44EA-B574-7FABD12A5194}.Release|Any CPU.Build.0 = Release|Any CPU
		{279B15D4-CF40-4C24-9D4D-5622ADA0BE05}.Debug|Any CPU.ActiveCfg = Debug|Any CPU
		{279B15D4-CF40-4C24-9D4D-5622ADA0BE05}.Debug|Any CPU.Build.0 = Debug|Any CPU
		{279B15D4-CF40-4C24-9D4D-5622ADA0BE05}.Release|Any CPU.ActiveCfg = Release|Any CPU
		{279B15D4-CF40-4C24-9D4D-5622ADA0BE05}.Release|Any CPU.Build.0 = Release|Any CPU
		{FF7D0068-16E8-47C9-ADE7-A01901440623}.Debug|Any CPU.ActiveCfg = Debug|Any CPU
		{FF7D0068-16E8-47C9-ADE7-A01901440623}.Debug|Any CPU.Build.0 = Debug|Any CPU
		{FF7D0068-16E8-47C9-ADE7-A01901440623}.Release|Any CPU.ActiveCfg = Release|Any CPU
		{FF7D0068-16E8-47C9-ADE7-A01901440623}.Release|Any CPU.Build.0 = Release|Any CPU
		{7171098E-1C99-4A95-9AD8-B78D46A6FCD2}.Debug|Any CPU.ActiveCfg = Debug|Any CPU
		{7171098E-1C99-4A95-9AD8-B78D46A6FCD2}.Debug|Any CPU.Build.0 = Debug|Any CPU
		{7171098E-1C99-4A95-9AD8-B78D46A6FCD2}.Release|Any CPU.ActiveCfg = Release|Any CPU
		{7171098E-1C99-4A95-9AD8-B78D46A6FCD2}.Release|Any CPU.Build.0 = Release|Any CPU
		{1DF1F6F3-53C7-43AE-833B-42411347DE6F}.Debug|Any CPU.ActiveCfg = Debug|Any CPU
		{1DF1F6F3-53C7-43AE-833B-42411347DE6F}.Debug|Any CPU.Build.0 = Debug|Any CPU
		{1DF1F6F3-53C7-43AE-833B-42411347DE6F}.Release|Any CPU.ActiveCfg = Release|Any CPU
		{1DF1F6F3-53C7-43AE-833B-42411347DE6F}.Release|Any CPU.Build.0 = Release|Any CPU
		{795E8AD4-FE84-4A54-8B37-650620B7E328}.Debug|Any CPU.ActiveCfg = Debug|Any CPU
		{795E8AD4-FE84-4A54-8B37-650620B7E328}.Debug|Any CPU.Build.0 = Debug|Any CPU
		{795E8AD4-FE84-4A54-8B37-650620B7E328}.Release|Any CPU.ActiveCfg = Release|Any CPU
		{795E8AD4-FE84-4A54-8B37-650620B7E328}.Release|Any CPU.Build.0 = Release|Any CPU
		{74AFA52A-A1F4-4A11-BFA2-398678648B91}.Debug|Any CPU.ActiveCfg = Debug|Any CPU
		{74AFA52A-A1F4-4A11-BFA2-398678648B91}.Debug|Any CPU.Build.0 = Debug|Any CPU
		{74AFA52A-A1F4-4A11-BFA2-398678648B91}.Release|Any CPU.ActiveCfg = Release|Any CPU
		{74AFA52A-A1F4-4A11-BFA2-398678648B91}.Release|Any CPU.Build.0 = Release|Any CPU
		{8F6BB0A3-2B2E-4119-A764-95937D4F1593}.Debug|Any CPU.ActiveCfg = Debug|Any CPU
		{8F6BB0A3-2B2E-4119-A764-95937D4F1593}.Debug|Any CPU.Build.0 = Debug|Any CPU
		{8F6BB0A3-2B2E-4119-A764-95937D4F1593}.Release|Any CPU.ActiveCfg = Release|Any CPU
		{8F6BB0A3-2B2E-4119-A764-95937D4F1593}.Release|Any CPU.Build.0 = Release|Any CPU
		{CBDB5A53-5705-49FD-9C31-850B7C214017}.Debug|Any CPU.ActiveCfg = Debug|Any CPU
		{CBDB5A53-5705-49FD-9C31-850B7C214017}.Debug|Any CPU.Build.0 = Debug|Any CPU
		{CBDB5A53-5705-49FD-9C31-850B7C214017}.Release|Any CPU.ActiveCfg = Release|Any CPU
		{CBDB5A53-5705-49FD-9C31-850B7C214017}.Release|Any CPU.Build.0 = Release|Any CPU
		{1B4DDA13-FD75-49DB-AFDD-F03034A0C61F}.Debug|Any CPU.ActiveCfg = Debug|Any CPU
		{1B4DDA13-FD75-49DB-AFDD-F03034A0C61F}.Debug|Any CPU.Build.0 = Debug|Any CPU
		{1B4DDA13-FD75-49DB-AFDD-F03034A0C61F}.Release|Any CPU.ActiveCfg = Release|Any CPU
		{1B4DDA13-FD75-49DB-AFDD-F03034A0C61F}.Release|Any CPU.Build.0 = Release|Any CPU
		{6C4655AB-0A8E-4DF4-8159-1C7BD6993EF8}.Debug|Any CPU.ActiveCfg = Debug|Any CPU
		{6C4655AB-0A8E-4DF4-8159-1C7BD6993EF8}.Debug|Any CPU.Build.0 = Debug|Any CPU
		{6C4655AB-0A8E-4DF4-8159-1C7BD6993EF8}.Release|Any CPU.ActiveCfg = Release|Any CPU
		{6C4655AB-0A8E-4DF4-8159-1C7BD6993EF8}.Release|Any CPU.Build.0 = Release|Any CPU
		{4FB5B663-41A4-4980-8AC6-BDBE0ADA2C92}.Debug|Any CPU.ActiveCfg = Debug|Any CPU
		{4FB5B663-41A4-4980-8AC6-BDBE0ADA2C92}.Debug|Any CPU.Build.0 = Debug|Any CPU
		{4FB5B663-41A4-4980-8AC6-BDBE0ADA2C92}.Release|Any CPU.ActiveCfg = Release|Any CPU
		{4FB5B663-41A4-4980-8AC6-BDBE0ADA2C92}.Release|Any CPU.Build.0 = Release|Any CPU
		{E84682C9-F475-4E51-90BB-402A9E87C9E0}.Debug|Any CPU.ActiveCfg = Debug|Any CPU
		{E84682C9-F475-4E51-90BB-402A9E87C9E0}.Debug|Any CPU.Build.0 = Debug|Any CPU
		{E84682C9-F475-4E51-90BB-402A9E87C9E0}.Release|Any CPU.ActiveCfg = Release|Any CPU
		{E84682C9-F475-4E51-90BB-402A9E87C9E0}.Release|Any CPU.Build.0 = Release|Any CPU
		{0E63DDF0-5CB2-4287-9F12-18EBC7126001}.Debug|Any CPU.ActiveCfg = Debug|Any CPU
		{0E63DDF0-5CB2-4287-9F12-18EBC7126001}.Debug|Any CPU.Build.0 = Debug|Any CPU
		{0E63DDF0-5CB2-4287-9F12-18EBC7126001}.Release|Any CPU.ActiveCfg = Release|Any CPU
		{0E63DDF0-5CB2-4287-9F12-18EBC7126001}.Release|Any CPU.Build.0 = Release|Any CPU
		{453F0C3D-10DE-4D68-B2B0-91AA199D2DDD}.Debug|Any CPU.ActiveCfg = Debug|Any CPU
		{453F0C3D-10DE-4D68-B2B0-91AA199D2DDD}.Debug|Any CPU.Build.0 = Debug|Any CPU
		{453F0C3D-10DE-4D68-B2B0-91AA199D2DDD}.Release|Any CPU.ActiveCfg = Release|Any CPU
		{453F0C3D-10DE-4D68-B2B0-91AA199D2DDD}.Release|Any CPU.Build.0 = Release|Any CPU
		{3EB6F8EA-AF0F-444D-9202-1E2183AF73EE}.Debug|Any CPU.ActiveCfg = Debug|Any CPU
		{3EB6F8EA-AF0F-444D-9202-1E2183AF73EE}.Debug|Any CPU.Build.0 = Debug|Any CPU
		{3EB6F8EA-AF0F-444D-9202-1E2183AF73EE}.Release|Any CPU.ActiveCfg = Release|Any CPU
		{3EB6F8EA-AF0F-444D-9202-1E2183AF73EE}.Release|Any CPU.Build.0 = Release|Any CPU
		{0F73456E-9876-4B33-8BE5-BEDC07547D6C}.Debug|Any CPU.ActiveCfg = Debug|Any CPU
		{0F73456E-9876-4B33-8BE5-BEDC07547D6C}.Debug|Any CPU.Build.0 = Debug|Any CPU
		{0F73456E-9876-4B33-8BE5-BEDC07547D6C}.Release|Any CPU.ActiveCfg = Release|Any CPU
		{0F73456E-9876-4B33-8BE5-BEDC07547D6C}.Release|Any CPU.Build.0 = Release|Any CPU
		{40654DE7-DEE4-4C0D-A5D2-3915ED6E43C0}.Debug|Any CPU.ActiveCfg = Debug|Any CPU
		{40654DE7-DEE4-4C0D-A5D2-3915ED6E43C0}.Debug|Any CPU.Build.0 = Debug|Any CPU
		{40654DE7-DEE4-4C0D-A5D2-3915ED6E43C0}.Release|Any CPU.ActiveCfg = Release|Any CPU
		{40654DE7-DEE4-4C0D-A5D2-3915ED6E43C0}.Release|Any CPU.Build.0 = Release|Any CPU
		{D8622152-EB15-4118-828C-DF6A49D7A037}.Debug|Any CPU.ActiveCfg = Debug|Any CPU
		{D8622152-EB15-4118-828C-DF6A49D7A037}.Debug|Any CPU.Build.0 = Debug|Any CPU
		{D8622152-EB15-4118-828C-DF6A49D7A037}.Release|Any CPU.ActiveCfg = Release|Any CPU
		{D8622152-EB15-4118-828C-DF6A49D7A037}.Release|Any CPU.Build.0 = Release|Any CPU
		{56E91E22-9D8D-4B5D-A0C1-D9B6A62EF740}.Debug|Any CPU.ActiveCfg = Debug|Any CPU
		{56E91E22-9D8D-4B5D-A0C1-D9B6A62EF740}.Debug|Any CPU.Build.0 = Debug|Any CPU
		{56E91E22-9D8D-4B5D-A0C1-D9B6A62EF740}.Release|Any CPU.ActiveCfg = Release|Any CPU
		{56E91E22-9D8D-4B5D-A0C1-D9B6A62EF740}.Release|Any CPU.Build.0 = Release|Any CPU
		{8F83C72F-3495-4BAD-A74D-2489BF3AE122}.Debug|Any CPU.ActiveCfg = Debug|Any CPU
		{8F83C72F-3495-4BAD-A74D-2489BF3AE122}.Debug|Any CPU.Build.0 = Debug|Any CPU
		{8F83C72F-3495-4BAD-A74D-2489BF3AE122}.Release|Any CPU.ActiveCfg = Release|Any CPU
		{8F83C72F-3495-4BAD-A74D-2489BF3AE122}.Release|Any CPU.Build.0 = Release|Any CPU
		{5C47E2F6-8723-4D3A-9BA2-022A05509FC9}.Debug|Any CPU.ActiveCfg = Debug|Any CPU
		{5C47E2F6-8723-4D3A-9BA2-022A05509FC9}.Debug|Any CPU.Build.0 = Debug|Any CPU
		{5C47E2F6-8723-4D3A-9BA2-022A05509FC9}.Release|Any CPU.ActiveCfg = Release|Any CPU
		{5C47E2F6-8723-4D3A-9BA2-022A05509FC9}.Release|Any CPU.Build.0 = Release|Any CPU
		{5914EEA0-6FEF-4D64-A6EE-9B23FDEC19A3}.Debug|Any CPU.ActiveCfg = Debug|Any CPU
		{5914EEA0-6FEF-4D64-A6EE-9B23FDEC19A3}.Debug|Any CPU.Build.0 = Debug|Any CPU
		{5914EEA0-6FEF-4D64-A6EE-9B23FDEC19A3}.Release|Any CPU.ActiveCfg = Release|Any CPU
		{5914EEA0-6FEF-4D64-A6EE-9B23FDEC19A3}.Release|Any CPU.Build.0 = Release|Any CPU
		{5AC06796-F886-47A1-844E-75C8A955C3EA}.Debug|Any CPU.ActiveCfg = Debug|Any CPU
		{5AC06796-F886-47A1-844E-75C8A955C3EA}.Debug|Any CPU.Build.0 = Debug|Any CPU
		{5AC06796-F886-47A1-844E-75C8A955C3EA}.Release|Any CPU.ActiveCfg = Release|Any CPU
		{5AC06796-F886-47A1-844E-75C8A955C3EA}.Release|Any CPU.Build.0 = Release|Any CPU
		{0A097D11-9CB4-416F-AD7C-53C6FD2AB57B}.Debug|Any CPU.ActiveCfg = Debug|Any CPU
		{0A097D11-9CB4-416F-AD7C-53C6FD2AB57B}.Debug|Any CPU.Build.0 = Debug|Any CPU
		{0A097D11-9CB4-416F-AD7C-53C6FD2AB57B}.Release|Any CPU.ActiveCfg = Release|Any CPU
		{0A097D11-9CB4-416F-AD7C-53C6FD2AB57B}.Release|Any CPU.Build.0 = Release|Any CPU
		{F5208052-1FE4-4DB2-86B0-677E48DB01FC}.Debug|Any CPU.ActiveCfg = Debug|Any CPU
		{F5208052-1FE4-4DB2-86B0-677E48DB01FC}.Debug|Any CPU.Build.0 = Debug|Any CPU
		{F5208052-1FE4-4DB2-86B0-677E48DB01FC}.Release|Any CPU.ActiveCfg = Release|Any CPU
		{F5208052-1FE4-4DB2-86B0-677E48DB01FC}.Release|Any CPU.Build.0 = Release|Any CPU
		{E5F53AAA-A1DE-4F38-A4FA-664598966C2F}.Debug|Any CPU.ActiveCfg = Debug|Any CPU
		{E5F53AAA-A1DE-4F38-A4FA-664598966C2F}.Debug|Any CPU.Build.0 = Debug|Any CPU
		{E5F53AAA-A1DE-4F38-A4FA-664598966C2F}.Release|Any CPU.ActiveCfg = Release|Any CPU
		{E5F53AAA-A1DE-4F38-A4FA-664598966C2F}.Release|Any CPU.Build.0 = Release|Any CPU
		{76B2D7ED-67AF-48CA-A107-263329651CD0}.Debug|Any CPU.ActiveCfg = Debug|Any CPU
		{76B2D7ED-67AF-48CA-A107-263329651CD0}.Debug|Any CPU.Build.0 = Debug|Any CPU
		{76B2D7ED-67AF-48CA-A107-263329651CD0}.Release|Any CPU.ActiveCfg = Release|Any CPU
		{76B2D7ED-67AF-48CA-A107-263329651CD0}.Release|Any CPU.Build.0 = Release|Any CPU
		{06D76654-585A-41DA-BB2C-F085FE9ED7B0}.Debug|Any CPU.ActiveCfg = Debug|Any CPU
								{06D76654-585A-41DA-BB2C-F085FE9ED7B0}.Debug|Any CPU.Build.0 = Debug|Any CPU
								{06D76654-585A-41DA-BB2C-F085FE9ED7B0}.Release|Any CPU.ActiveCfg = Release|Any CPU
								{06D76654-585A-41DA-BB2C-F085FE9ED7B0}.Release|Any CPU.Build.0 = Release|Any CPU
								{9DBA328E-EBD0-4248-B135-1D5C5948B699}.Debug|Any CPU.ActiveCfg = Debug|Any CPU
								{9DBA328E-EBD0-4248-B135-1D5C5948B699}.Debug|Any CPU.Build.0 = Debug|Any CPU
								{9DBA328E-EBD0-4248-B135-1D5C5948B699}.Release|Any CPU.ActiveCfg = Release|Any CPU
								{9DBA328E-EBD0-4248-B135-1D5C5948B699}.Release|Any CPU.Build.0 = Release|Any CPU
								{C06AE4C3-5B6C-4F6D-8354-964B7F1D725A}.Debug|Any CPU.ActiveCfg = Debug|Any CPU
								{C06AE4C3-5B6C-4F6D-8354-964B7F1D725A}.Debug|Any CPU.Build.0 = Debug|Any CPU
								{C06AE4C3-5B6C-4F6D-8354-964B7F1D725A}.Release|Any CPU.ActiveCfg = Release|Any CPU
								{C06AE4C3-5B6C-4F6D-8354-964B7F1D725A}.Release|Any CPU.Build.0 = Release|Any CPU
								{F5576F60-1225-4003-956D-EFE513D10428}.Debug|Any CPU.ActiveCfg = Debug|Any CPU
								{F5576F60-1225-4003-956D-EFE513D10428}.Debug|Any CPU.Build.0 = Debug|Any CPU
								{F5576F60-1225-4003-956D-EFE513D10428}.Release|Any CPU.ActiveCfg = Release|Any CPU
								{F5576F60-1225-4003-956D-EFE513D10428}.Release|Any CPU.Build.0 = Release|Any CPU
								{BC3FED9F-89F1-48D3-A5A8-1D0B07215748}.Debug|Any CPU.ActiveCfg = Debug|Any CPU
								{BC3FED9F-89F1-48D3-A5A8-1D0B07215748}.Debug|Any CPU.Build.0 = Debug|Any CPU
								{BC3FED9F-89F1-48D3-A5A8-1D0B07215748}.Release|Any CPU.ActiveCfg = Release|Any CPU
								{BC3FED9F-89F1-48D3-A5A8-1D0B07215748}.Release|Any CPU.Build.0 = Release|Any CPU
								{985F4869-FD5C-47C8-8E6F-AACF97DA6858}.Debug|Any CPU.ActiveCfg = Debug|Any CPU
								{985F4869-FD5C-47C8-8E6F-AACF97DA6858}.Debug|Any CPU.Build.0 = Debug|Any CPU
								{985F4869-FD5C-47C8-8E6F-AACF97DA6858}.Release|Any CPU.ActiveCfg = Release|Any CPU
								{985F4869-FD5C-47C8-8E6F-AACF97DA6858}.Release|Any CPU.Build.0 = Release|Any CPU
								{9C278E4C-5883-412A-85C3-7386B6ABCB7E}.Debug|Any CPU.ActiveCfg = Debug|Any CPU
								{9C278E4C-5883-412A-85C3-7386B6ABCB7E}.Debug|Any CPU.Build.0 = Debug|Any CPU
								{9C278E4C-5883-412A-85C3-7386B6ABCB7E}.Release|Any CPU.ActiveCfg = Release|Any CPU
								{9C278E4C-5883-412A-85C3-7386B6ABCB7E}.Release|Any CPU.Build.0 = Release|Any CPU
								{A5958A45-D19C-4EFA-BAA8-918C273A6E9D}.Debug|Any CPU.ActiveCfg = Debug|Any CPU
								{A5958A45-D19C-4EFA-BAA8-918C273A6E9D}.Debug|Any CPU.Build.0 = Debug|Any CPU
								{A5958A45-D19C-4EFA-BAA8-918C273A6E9D}.Release|Any CPU.ActiveCfg = Release|Any CPU
								{A5958A45-D19C-4EFA-BAA8-918C273A6E9D}.Release|Any CPU.Build.0 = Release|Any CPU
								{00D9CDBC-AA33-4856-BA6D-6D1E988FF8A7}.Debug|Any CPU.ActiveCfg = Debug|Any CPU
								{00D9CDBC-AA33-4856-BA6D-6D1E988FF8A7}.Debug|Any CPU.Build.0 = Debug|Any CPU
								{00D9CDBC-AA33-4856-BA6D-6D1E988FF8A7}.Release|Any CPU.ActiveCfg = Release|Any CPU
								{00D9CDBC-AA33-4856-BA6D-6D1E988FF8A7}.Release|Any CPU.Build.0 = Release|Any CPU
								{DF73B424-9E83-426B-8330-89436EB53510}.Debug|Any CPU.ActiveCfg = Debug|Any CPU
								{DF73B424-9E83-426B-8330-89436EB53510}.Debug|Any CPU.Build.0 = Debug|Any CPU
								{DF73B424-9E83-426B-8330-89436EB53510}.Release|Any CPU.ActiveCfg = Release|Any CPU
								{DF73B424-9E83-426B-8330-89436EB53510}.Release|Any CPU.Build.0 = Release|Any CPU
								{1F67FA9C-CB9F-4A11-BDE5-410F410C3646}.Debug|Any CPU.ActiveCfg = Debug|Any CPU
								{1F67FA9C-CB9F-4A11-BDE5-410F410C3646}.Debug|Any CPU.Build.0 = Debug|Any CPU
								{1F67FA9C-CB9F-4A11-BDE5-410F410C3646}.Release|Any CPU.ActiveCfg = Release|Any CPU
								{1F67FA9C-CB9F-4A11-BDE5-410F410C3646}.Release|Any CPU.Build.0 = Release|Any CPU
								{CEE3A625-37F1-4D4E-A41B-115B1A539285}.Debug|Any CPU.ActiveCfg = Debug|Any CPU
								{CEE3A625-37F1-4D4E-A41B-115B1A539285}.Debug|Any CPU.Build.0 = Debug|Any CPU
								{CEE3A625-37F1-4D4E-A41B-115B1A539285}.Release|Any CPU.ActiveCfg = Release|Any CPU
								{CEE3A625-37F1-4D4E-A41B-115B1A539285}.Release|Any CPU.Build.0 = Release|Any CPU
								{BEB1F5B8-288E-4A91-8678-5BCD2E435C26}.Debug|Any CPU.ActiveCfg = Debug|Any CPU
								{BEB1F5B8-288E-4A91-8678-5BCD2E435C26}.Debug|Any CPU.Build.0 = Debug|Any CPU
								{BEB1F5B8-288E-4A91-8678-5BCD2E435C26}.Release|Any CPU.ActiveCfg = Release|Any CPU
								{BEB1F5B8-288E-4A91-8678-5BCD2E435C26}.Release|Any CPU.Build.0 = Release|Any CPU
								{C8661195-2AB4-463E-80F6-88395DB2F6CF}.Debug|Any CPU.ActiveCfg = Debug|Any CPU
								{C8661195-2AB4-463E-80F6-88395DB2F6CF}.Debug|Any CPU.Build.0 = Debug|Any CPU
								{C8661195-2AB4-463E-80F6-88395DB2F6CF}.Release|Any CPU.ActiveCfg = Release|Any CPU
								{C8661195-2AB4-463E-80F6-88395DB2F6CF}.Release|Any CPU.Build.0 = Release|Any CPU
								{0066323F-398D-49D8-85C2-DBAAE2DD05CE}.Debug|Any CPU.ActiveCfg = Debug|Any CPU
								{0066323F-398D-49D8-85C2-DBAAE2DD05CE}.Debug|Any CPU.Build.0 = Debug|Any CPU
								{0066323F-398D-49D8-85C2-DBAAE2DD05CE}.Release|Any CPU.ActiveCfg = Release|Any CPU
								{0066323F-398D-49D8-85C2-DBAAE2DD05CE}.Release|Any CPU.Build.0 = Release|Any CPU
								{5B84B5ED-3F8F-491E-9363-BC3C34500131}.Debug|Any CPU.ActiveCfg = Debug|Any CPU
								{5B84B5ED-3F8F-491E-9363-BC3C34500131}.Debug|Any CPU.Build.0 = Debug|Any CPU
								{5B84B5ED-3F8F-491E-9363-BC3C34500131}.Release|Any CPU.ActiveCfg = Release|Any CPU
								{5B84B5ED-3F8F-491E-9363-BC3C34500131}.Release|Any CPU.Build.0 = Release|Any CPU
		{CA1238B6-798A-436F-936E-C0CCFC768D0A}.Debug|Any CPU.ActiveCfg = Debug|Any CPU
		{CA1238B6-798A-436F-936E-C0CCFC768D0A}.Debug|Any CPU.Build.0 = Debug|Any CPU
		{CA1238B6-798A-436F-936E-C0CCFC768D0A}.Release|Any CPU.ActiveCfg = Release|Any CPU
		{CA1238B6-798A-436F-936E-C0CCFC768D0A}.Release|Any CPU.Build.0 = Release|Any CPU
		{AAB306BA-578A-4901-B3EA-937A5B30F04B}.Debug|Any CPU.ActiveCfg = Debug|Any CPU
		{AAB306BA-578A-4901-B3EA-937A5B30F04B}.Debug|Any CPU.Build.0 = Debug|Any CPU
		{AAB306BA-578A-4901-B3EA-937A5B30F04B}.Release|Any CPU.ActiveCfg = Release|Any CPU
		{AAB306BA-578A-4901-B3EA-937A5B30F04B}.Release|Any CPU.Build.0 = Release|Any CPU
		{8222BDF6-58A8-4A51-8E84-0E822209D624}.Debug|Any CPU.ActiveCfg = Debug|Any CPU
		{8222BDF6-58A8-4A51-8E84-0E822209D624}.Debug|Any CPU.Build.0 = Debug|Any CPU
		{8222BDF6-58A8-4A51-8E84-0E822209D624}.Release|Any CPU.ActiveCfg = Release|Any CPU
		{8222BDF6-58A8-4A51-8E84-0E822209D624}.Release|Any CPU.Build.0 = Release|Any CPU
	EndGlobalSection
	GlobalSection(SolutionProperties) = preSolution
		HideSolutionNode = FALSE
	EndGlobalSection
	GlobalSection(NestedProjects) = preSolution
		{156F254C-9A51-4679-A60D-C7C2BF129235} = {94F75AA9-D8F5-43C9-89F8-E9350B902551}
		{A39F70CC-02AB-4054-9A19-66457BA6F432} = {156F254C-9A51-4679-A60D-C7C2BF129235}
		{4538BE13-8328-486B-8357-C335831E1837} = {ABFBE2B9-C15D-4859-A0B4-A164993CD20F}
		{0B883E23-F443-44B0-ADF5-4701E9040CAF} = {ABFBE2B9-C15D-4859-A0B4-A164993CD20F}
		{AE1FA0B8-7EA8-4963-AAC0-29CD671E6555} = {4538BE13-8328-486B-8357-C335831E1837}
		{898850C6-6483-4017-9BF9-EEB8B779978F} = {4538BE13-8328-486B-8357-C335831E1837}
		{E01153CB-E80C-491C-BA7B-BDCA26223184} = {AE1FA0B8-7EA8-4963-AAC0-29CD671E6555}
		{6603F915-AFBE-4FBC-8C16-FAB953CF0E4E} = {E01153CB-E80C-491C-BA7B-BDCA26223184}
		{DE5E98F2-E68C-45FF-A0B5-9FD613ED5AD2} = {898850C6-6483-4017-9BF9-EEB8B779978F}
		{CF3F4E3C-8284-4679-82D3-EE7741519431} = {898850C6-6483-4017-9BF9-EEB8B779978F}
		{96C76148-634C-4006-BBE3-FACC7C7054D6} = {898850C6-6483-4017-9BF9-EEB8B779978F}
		{A2A1B51E-EB21-4622-89B8-6334415BE901} = {E01153CB-E80C-491C-BA7B-BDCA26223184}
		{8DD7F261-AEA5-431C-AFFE-A379AC830B70} = {6603F915-AFBE-4FBC-8C16-FAB953CF0E4E}
		{646E0AD8-6551-4723-A575-82529F52A7A8} = {4538BE13-8328-486B-8357-C335831E1837}
		{EC82516E-3B20-4A6D-AEE8-64C675B90DEE} = {4538BE13-8328-486B-8357-C335831E1837}
		{6CB21B38-5944-458A-A247-5E813D675A25} = {4538BE13-8328-486B-8357-C335831E1837}
		{A0E2CA24-4CEF-46C3-BC89-E6ED651F9D33} = {4538BE13-8328-486B-8357-C335831E1837}
		{A81C09FF-4F14-46FF-8326-DBFA6D379912} = {0B883E23-F443-44B0-ADF5-4701E9040CAF}
		{C3821F1E-9168-42DA-9824-D101F0C00B93} = {0B883E23-F443-44B0-ADF5-4701E9040CAF}
		{981EBF63-EE0D-41CB-A3F0-EB77E40D01FD} = {A81C09FF-4F14-46FF-8326-DBFA6D379912}
		{1FA2B339-4D71-48EE-961A-2C1046FEEA47} = {981EBF63-EE0D-41CB-A3F0-EB77E40D01FD}
		{D9DD0B70-9A7F-45DB-B826-61FD1F413776} = {981EBF63-EE0D-41CB-A3F0-EB77E40D01FD}
		{811150DC-3BC0-43C2-9492-62ADACE1DBE5} = {1FA2B339-4D71-48EE-961A-2C1046FEEA47}
		{A5B046B9-8448-4503-B62E-E05DD78F5DEF} = {0B883E23-F443-44B0-ADF5-4701E9040CAF}
		{53160217-3611-45B4-9709-8677D15F1B8F} = {A5B046B9-8448-4503-B62E-E05DD78F5DEF}
		{65C75740-5394-4B1D-A918-B657D5D0BDE5} = {A5B046B9-8448-4503-B62E-E05DD78F5DEF}
		{EDA51E7A-4F66-4246-A99C-BDAFA85DB6B4} = {65C75740-5394-4B1D-A918-B657D5D0BDE5}
		{C9015C9E-BF96-4B5B-B27A-5357D458C749} = {65C75740-5394-4B1D-A918-B657D5D0BDE5}
		{FAD91323-8714-46D8-9257-FE01E2782398} = {EDA51E7A-4F66-4246-A99C-BDAFA85DB6B4}
		{3FC0FFB5-4761-4828-AC18-47C7B81A5EDE} = {FAD91323-8714-46D8-9257-FE01E2782398}
		{28D1022A-CB23-4244-A9D6-B2027A6ADE2B} = {3FC0FFB5-4761-4828-AC18-47C7B81A5EDE}
		{755105A1-C447-4A1F-9DD8-B668C9D2DBAD} = {FAD91323-8714-46D8-9257-FE01E2782398}
		{5776F01D-A992-4606-82A3-3D91F328F5CE} = {C9015C9E-BF96-4B5B-B27A-5357D458C749}
		{F7270FD6-FD26-4EC3-B3BC-070F4986FC53} = {65C75740-5394-4B1D-A918-B657D5D0BDE5}
		{A4D7B1B0-A3C8-4C5E-A8DE-BE2A82748FEB} = {65C75740-5394-4B1D-A918-B657D5D0BDE5}
		{33426016-D6AD-43C2-8E07-209898CDC492} = {65C75740-5394-4B1D-A918-B657D5D0BDE5}
		{EB291ADA-69A7-402E-92AC-EA22A4251C8A} = {53160217-3611-45B4-9709-8677D15F1B8F}
		{0A8A2B6E-0F62-47B2-9A1B-166E6EE5FF3D} = {53160217-3611-45B4-9709-8677D15F1B8F}
		{897284EB-344D-4645-B814-99CB28AEA682} = {EB291ADA-69A7-402E-92AC-EA22A4251C8A}
		{9F0B4753-2457-4CBA-B318-1FF16DA7947A} = {0A8A2B6E-0F62-47B2-9A1B-166E6EE5FF3D}
		{0737B9FA-394D-4B6D-BF4B-7E51A97B5B53} = {897284EB-344D-4645-B814-99CB28AEA682}
		{53A42E45-94D9-4977-B75D-DB5D3938E2E2} = {0737B9FA-394D-4B6D-BF4B-7E51A97B5B53}
		{2C3BD717-9EF4-409B-9128-10D58AC70C28} = {897284EB-344D-4645-B814-99CB28AEA682}
		{A6BBE38E-AFE3-48EA-BED2-69614FF8753B} = {53160217-3611-45B4-9709-8677D15F1B8F}
		{5D071CE9-54F0-44EA-B574-7FABD12A5194} = {53160217-3611-45B4-9709-8677D15F1B8F}
		{279B15D4-CF40-4C24-9D4D-5622ADA0BE05} = {53160217-3611-45B4-9709-8677D15F1B8F}
		{FF7D0068-16E8-47C9-ADE7-A01901440623} = {C3821F1E-9168-42DA-9824-D101F0C00B93}
		{7171098E-1C99-4A95-9AD8-B78D46A6FCD2} = {C3821F1E-9168-42DA-9824-D101F0C00B93}
		{1DF1F6F3-53C7-43AE-833B-42411347DE6F} = {C3821F1E-9168-42DA-9824-D101F0C00B93}
		{795E8AD4-FE84-4A54-8B37-650620B7E328} = {0B883E23-F443-44B0-ADF5-4701E9040CAF}
		{74AFA52A-A1F4-4A11-BFA2-398678648B91} = {0B883E23-F443-44B0-ADF5-4701E9040CAF}
		{8F6BB0A3-2B2E-4119-A764-95937D4F1593} = {0B883E23-F443-44B0-ADF5-4701E9040CAF}
		{CBDB5A53-5705-49FD-9C31-850B7C214017} = {0B883E23-F443-44B0-ADF5-4701E9040CAF}
		{6068CF4E-7E2E-4E36-A3EC-FD62CFE49D1F} = {4E4A33E0-8A4D-4E9E-99CA-C9B8CD8378CF}
		{C41C64F8-2522-4A67-AC07-378FCDB06234} = {6068CF4E-7E2E-4E36-A3EC-FD62CFE49D1F}
		{1B4DDA13-FD75-49DB-AFDD-F03034A0C61F} = {C41C64F8-2522-4A67-AC07-378FCDB06234}
		{6C4655AB-0A8E-4DF4-8159-1C7BD6993EF8} = {6068CF4E-7E2E-4E36-A3EC-FD62CFE49D1F}
		{4FB5B663-41A4-4980-8AC6-BDBE0ADA2C92} = {6068CF4E-7E2E-4E36-A3EC-FD62CFE49D1F}
		{92C66757-37C1-4E0E-B5A8-27527151E8A5} = {ABFBE2B9-C15D-4859-A0B4-A164993CD20F}
		{0955ABFC-668F-4E07-8D75-B099499153E2} = {92C66757-37C1-4E0E-B5A8-27527151E8A5}
		{39A23226-DCB1-453B-945E-68A14114E62D} = {0955ABFC-668F-4E07-8D75-B099499153E2}
		{E90E3046-AA64-4FD7-A4D7-627B4F029461} = {39A23226-DCB1-453B-945E-68A14114E62D}
		{E84682C9-F475-4E51-90BB-402A9E87C9E0} = {E90E3046-AA64-4FD7-A4D7-627B4F029461}
		{0E63DDF0-5CB2-4287-9F12-18EBC7126001} = {39A23226-DCB1-453B-945E-68A14114E62D}
		{307E70DC-4DF4-4B3C-8FFA-669D20143475} = {92C66757-37C1-4E0E-B5A8-27527151E8A5}
		{453F0C3D-10DE-4D68-B2B0-91AA199D2DDD} = {307E70DC-4DF4-4B3C-8FFA-669D20143475}
		{3EB6F8EA-AF0F-444D-9202-1E2183AF73EE} = {92C66757-37C1-4E0E-B5A8-27527151E8A5}
		{0F73456E-9876-4B33-8BE5-BEDC07547D6C} = {92C66757-37C1-4E0E-B5A8-27527151E8A5}
		{40654DE7-DEE4-4C0D-A5D2-3915ED6E43C0} = {92C66757-37C1-4E0E-B5A8-27527151E8A5}
		{D8622152-EB15-4118-828C-DF6A49D7A037} = {65C75740-5394-4B1D-A918-B657D5D0BDE5}
		{56E91E22-9D8D-4B5D-A0C1-D9B6A62EF740} = {53160217-3611-45B4-9709-8677D15F1B8F}
		{930B2F99-F538-487F-813E-E733350C15FE} = {156F254C-9A51-4679-A60D-C7C2BF129235}
		{F727F492-3955-4D67-A79D-37A8CBD426A1} = {4E4A33E0-8A4D-4E9E-99CA-C9B8CD8378CF}
		{70AF2CB1-CA9C-4ABF-8889-660F4B1C82A6} = {F727F492-3955-4D67-A79D-37A8CBD426A1}
		{5C47E2F6-8723-4D3A-9BA2-022A05509FC9} = {70AF2CB1-CA9C-4ABF-8889-660F4B1C82A6}
		{5914EEA0-6FEF-4D64-A6EE-9B23FDEC19A3} = {F727F492-3955-4D67-A79D-37A8CBD426A1}
		{2A58BB24-F9A5-4363-9AB2-B7C8B8298C0B} = {0955ABFC-668F-4E07-8D75-B099499153E2}
		{62DE499A-5313-4C4C-BB7A-FBB822350A78} = {2A58BB24-F9A5-4363-9AB2-B7C8B8298C0B}
		{5AC06796-F886-47A1-844E-75C8A955C3EA} = {2A58BB24-F9A5-4363-9AB2-B7C8B8298C0B}
		{0A097D11-9CB4-416F-AD7C-53C6FD2AB57B} = {F727F492-3955-4D67-A79D-37A8CBD426A1}
		{4A502855-3537-4B0D-9B91-D490E67A17BE} = {ABFBE2B9-C15D-4859-A0B4-A164993CD20F}
		{F5208052-1FE4-4DB2-86B0-677E48DB01FC} = {4A502855-3537-4B0D-9B91-D490E67A17BE}
		{E5F53AAA-A1DE-4F38-A4FA-664598966C2F} = {92C66757-37C1-4E0E-B5A8-27527151E8A5}
		{8F02BD00-0510-4536-A081-A4C3F5B3A4C1} = {A39F70CC-02AB-4054-9A19-66457BA6F432}
		{8F83C72F-3495-4BAD-A74D-2489BF3AE122} = {8F02BD00-0510-4536-A081-A4C3F5B3A4C1}
		{AE27788E-9E26-4C00-9BFB-668A5A37D0E6} = {8F02BD00-0510-4536-A081-A4C3F5B3A4C1}
								{49EBAF89-7CF5-41E6-BC83-38A0885204C9} = {8F02BD00-0510-4536-A081-A4C3F5B3A4C1}
		{9AC0B6A9-BBF2-4593-9CEF-2DD59C80C8ED} = {A39F70CC-02AB-4054-9A19-66457BA6F432}
								{06D76654-585A-41DA-BB2C-F085FE9ED7B0} = {9AC0B6A9-BBF2-4593-9CEF-2DD59C80C8ED}
								{9DBA328E-EBD0-4248-B135-1D5C5948B699} = {9AC0B6A9-BBF2-4593-9CEF-2DD59C80C8ED}
								{C06AE4C3-5B6C-4F6D-8354-964B7F1D725A} = {9AC0B6A9-BBF2-4593-9CEF-2DD59C80C8ED}
								{6961C247-7CCB-4D12-A2A7-87E3C54E1491} = {A39F70CC-02AB-4054-9A19-66457BA6F432}
								{F5576F60-1225-4003-956D-EFE513D10428} = {6961C247-7CCB-4D12-A2A7-87E3C54E1491}
								{BC3FED9F-89F1-48D3-A5A8-1D0B07215748} = {6961C247-7CCB-4D12-A2A7-87E3C54E1491}
								{07ABC1BA-1CAC-4CD8-9B1B-CE354A53A461} = {A39F70CC-02AB-4054-9A19-66457BA6F432}
								{985F4869-FD5C-47C8-8E6F-AACF97DA6858} = {07ABC1BA-1CAC-4CD8-9B1B-CE354A53A461}
								{9C278E4C-5883-412A-85C3-7386B6ABCB7E} = {07ABC1BA-1CAC-4CD8-9B1B-CE354A53A461}
								{A5958A45-D19C-4EFA-BAA8-918C273A6E9D} = {07ABC1BA-1CAC-4CD8-9B1B-CE354A53A461}
								{00D9CDBC-AA33-4856-BA6D-6D1E988FF8A7} = {6961C247-7CCB-4D12-A2A7-87E3C54E1491}
								{99BC47B1-A61C-401E-BFDB-F5ECBEB22AFB} = {A39F70CC-02AB-4054-9A19-66457BA6F432}
								{DF73B424-9E83-426B-8330-89436EB53510} = {99BC47B1-A61C-401E-BFDB-F5ECBEB22AFB}
								{1F67FA9C-CB9F-4A11-BDE5-410F410C3646} = {99BC47B1-A61C-401E-BFDB-F5ECBEB22AFB}
								{919AFBAB-53DA-45BE-BA03-7B12BBB60F8A} = {A39F70CC-02AB-4054-9A19-66457BA6F432}
								{CEE3A625-37F1-4D4E-A41B-115B1A539285} = {919AFBAB-53DA-45BE-BA03-7B12BBB60F8A}
								{BEB1F5B8-288E-4A91-8678-5BCD2E435C26} = {919AFBAB-53DA-45BE-BA03-7B12BBB60F8A}
								{6571EB1E-DC94-4FAA-92C7-F68E733B0317} = {A39F70CC-02AB-4054-9A19-66457BA6F432}
								{C8661195-2AB4-463E-80F6-88395DB2F6CF} = {6571EB1E-DC94-4FAA-92C7-F68E733B0317}
								{0066323F-398D-49D8-85C2-DBAAE2DD05CE} = {6571EB1E-DC94-4FAA-92C7-F68E733B0317}
								{5B84B5ED-3F8F-491E-9363-BC3C34500131} = {6571EB1E-DC94-4FAA-92C7-F68E733B0317}
		{CA1238B6-798A-436F-936E-C0CCFC768D0A} = {4A502855-3537-4B0D-9B91-D490E67A17BE}
		{AAB306BA-578A-4901-B3EA-937A5B30F04B} = {4A502855-3537-4B0D-9B91-D490E67A17BE}
		{76B2D7ED-67AF-48CA-A107-263329651CD0} = {4E4A33E0-8A4D-4E9E-99CA-C9B8CD8378CF}
		{8222BDF6-58A8-4A51-8E84-0E822209D624} = {981EBF63-EE0D-41CB-A3F0-EB77E40D01FD}
	EndGlobalSection
	GlobalSection(ExtensibilityGlobals) = postSolution
		SolutionGuid = {3CB609D9-5D54-4C11-A371-DAAC8B74E430}
	EndGlobalSection
EndGlobal
