
Microsoft Visual Studio Solution File, Format Version 12.00
# Visual Studio Version 16
VisualStudioVersion = 16.0.29319.158
MinimumVisualStudioVersion = 10.0.40219.1
Project("{9A19103F-16F7-4668-BE54-9A1E7A4F7556}") = "RestApi", "hosts\RestApi\RestApi.csproj", "{724D5EE1-C2C3-42E3-8BAE-D75E57BA3CD8}"
EndProject
Project("{9A19103F-16F7-4668-BE54-9A1E7A4F7556}") = "Domain", "src\Domain\Domain.csproj", "{C7E89A3E-A631-4760-8D61-BD1EAB1C4E69}"
EndProject
Project("{9A19103F-16F7-4668-BE54-9A1E7A4F7556}") = "Application", "src\Application\Application.csproj", "{34C0FACD-F3D9-400C-8945-554DD6B0819A}"
EndProject
Project("{9A19103F-16F7-4668-BE54-9A1E7A4F7556}") = "Infrastructure", "src\Infrastructure\Infrastructure.csproj", "{117DA02F-5274-4565-ACC6-DA9B6E568B09}"
EndProject
Project("{2150E333-8FDC-42A3-9474-1A3956D46DE8}") = "src", "src", "{6ED356A7-8B47-4613-AD01-C85CF28491BD}"
EndProject
Project("{2150E333-8FDC-42A3-9474-1A3956D46DE8}") = "tests", "tests", "{664D406C-2F83-48F0-BFC3-408D5CB53C65}"
EndProject
Project("{2150E333-8FDC-42A3-9474-1A3956D46DE8}") = "hosts", "hosts", "{4557D148-43A1-4D67-A063-FE2E343D4BE2}"
EndProject
Project("{2150E333-8FDC-42A3-9474-1A3956D46DE8}") = "lib", "lib", "{94F75AA9-D8F5-43C9-89F8-E9350B902551}"
EndProject
Project("{2150E333-8FDC-42A3-9474-1A3956D46DE8}") = "Aviant.DDD", "Aviant.DDD", "{156F254C-9A51-4679-A60D-C7C2BF129235}"
EndProject
Project("{2150E333-8FDC-42A3-9474-1A3956D46DE8}") = "src", "src", "{EB6B5275-F0C7-470F-8971-34442AEE69E3}"
EndProject
Project("{FAE04EC0-301F-11D3-BF4B-00C04F79EFBC}") = "Application", "lib\Aviant.DDD\src\Application\Application.csproj", "{AE27788E-9E26-4C00-9BFB-668A5A37D0E6}"
EndProject
Project("{FAE04EC0-301F-11D3-BF4B-00C04F79EFBC}") = "Domain", "lib\Aviant.DDD\src\Domain\Domain.csproj", "{E342B442-E9B3-4814-BEBE-6DB933D3142D}"
EndProject
Project("{FAE04EC0-301F-11D3-BF4B-00C04F79EFBC}") = "Infrastructure", "lib\Aviant.DDD\src\Infrastructure\Infrastructure.csproj", "{49EBAF89-7CF5-41E6-BC83-38A0885204C9}"
EndProject
Global
	GlobalSection(SolutionConfigurationPlatforms) = preSolution
		Debug|Any CPU = Debug|Any CPU
		Release|Any CPU = Release|Any CPU
	EndGlobalSection
	GlobalSection(ProjectConfigurationPlatforms) = postSolution
		{724D5EE1-C2C3-42E3-8BAE-D75E57BA3CD8}.Debug|Any CPU.ActiveCfg = Debug|Any CPU
		{724D5EE1-C2C3-42E3-8BAE-D75E57BA3CD8}.Debug|Any CPU.Build.0 = Debug|Any CPU
		{724D5EE1-C2C3-42E3-8BAE-D75E57BA3CD8}.Release|Any CPU.ActiveCfg = Release|Any CPU
		{724D5EE1-C2C3-42E3-8BAE-D75E57BA3CD8}.Release|Any CPU.Build.0 = Release|Any CPU
		{C7E89A3E-A631-4760-8D61-BD1EAB1C4E69}.Debug|Any CPU.ActiveCfg = Debug|Any CPU
		{C7E89A3E-A631-4760-8D61-BD1EAB1C4E69}.Debug|Any CPU.Build.0 = Debug|Any CPU
		{C7E89A3E-A631-4760-8D61-BD1EAB1C4E69}.Release|Any CPU.ActiveCfg = Release|Any CPU
		{C7E89A3E-A631-4760-8D61-BD1EAB1C4E69}.Release|Any CPU.Build.0 = Release|Any CPU
		{34C0FACD-F3D9-400C-8945-554DD6B0819A}.Debug|Any CPU.ActiveCfg = Debug|Any CPU
		{34C0FACD-F3D9-400C-8945-554DD6B0819A}.Debug|Any CPU.Build.0 = Debug|Any CPU
		{34C0FACD-F3D9-400C-8945-554DD6B0819A}.Release|Any CPU.ActiveCfg = Release|Any CPU
		{34C0FACD-F3D9-400C-8945-554DD6B0819A}.Release|Any CPU.Build.0 = Release|Any CPU
		{117DA02F-5274-4565-ACC6-DA9B6E568B09}.Debug|Any CPU.ActiveCfg = Debug|Any CPU
		{117DA02F-5274-4565-ACC6-DA9B6E568B09}.Debug|Any CPU.Build.0 = Debug|Any CPU
		{117DA02F-5274-4565-ACC6-DA9B6E568B09}.Release|Any CPU.ActiveCfg = Release|Any CPU
		{117DA02F-5274-4565-ACC6-DA9B6E568B09}.Release|Any CPU.Build.0 = Release|Any CPU
		{AE27788E-9E26-4C00-9BFB-668A5A37D0E6}.Debug|Any CPU.ActiveCfg = Debug|Any CPU
		{AE27788E-9E26-4C00-9BFB-668A5A37D0E6}.Debug|Any CPU.Build.0 = Debug|Any CPU
		{AE27788E-9E26-4C00-9BFB-668A5A37D0E6}.Release|Any CPU.ActiveCfg = Release|Any CPU
		{AE27788E-9E26-4C00-9BFB-668A5A37D0E6}.Release|Any CPU.Build.0 = Release|Any CPU
		{E342B442-E9B3-4814-BEBE-6DB933D3142D}.Debug|Any CPU.ActiveCfg = Debug|Any CPU
		{E342B442-E9B3-4814-BEBE-6DB933D3142D}.Debug|Any CPU.Build.0 = Debug|Any CPU
		{E342B442-E9B3-4814-BEBE-6DB933D3142D}.Release|Any CPU.ActiveCfg = Release|Any CPU
		{E342B442-E9B3-4814-BEBE-6DB933D3142D}.Release|Any CPU.Build.0 = Release|Any CPU
		{49EBAF89-7CF5-41E6-BC83-38A0885204C9}.Debug|Any CPU.ActiveCfg = Debug|Any CPU
		{49EBAF89-7CF5-41E6-BC83-38A0885204C9}.Debug|Any CPU.Build.0 = Debug|Any CPU
		{49EBAF89-7CF5-41E6-BC83-38A0885204C9}.Release|Any CPU.ActiveCfg = Release|Any CPU
		{49EBAF89-7CF5-41E6-BC83-38A0885204C9}.Release|Any CPU.Build.0 = Release|Any CPU
	EndGlobalSection
	GlobalSection(SolutionProperties) = preSolution
		HideSolutionNode = FALSE
	EndGlobalSection
	GlobalSection(NestedProjects) = preSolution
		{C7E89A3E-A631-4760-8D61-BD1EAB1C4E69} = {6ED356A7-8B47-4613-AD01-C85CF28491BD}
		{34C0FACD-F3D9-400C-8945-554DD6B0819A} = {6ED356A7-8B47-4613-AD01-C85CF28491BD}
		{117DA02F-5274-4565-ACC6-DA9B6E568B09} = {6ED356A7-8B47-4613-AD01-C85CF28491BD}
		{724D5EE1-C2C3-42E3-8BAE-D75E57BA3CD8} = {4557D148-43A1-4D67-A063-FE2E343D4BE2}
		{156F254C-9A51-4679-A60D-C7C2BF129235} = {94F75AA9-D8F5-43C9-89F8-E9350B902551}
		{EB6B5275-F0C7-470F-8971-34442AEE69E3} = {156F254C-9A51-4679-A60D-C7C2BF129235}
		{AE27788E-9E26-4C00-9BFB-668A5A37D0E6} = {EB6B5275-F0C7-470F-8971-34442AEE69E3}
		{E342B442-E9B3-4814-BEBE-6DB933D3142D} = {EB6B5275-F0C7-470F-8971-34442AEE69E3}
		{49EBAF89-7CF5-41E6-BC83-38A0885204C9} = {EB6B5275-F0C7-470F-8971-34442AEE69E3}
	EndGlobalSection
	GlobalSection(ExtensibilityGlobals) = postSolution
		SolutionGuid = {3CB609D9-5D54-4C11-A371-DAAC8B74E430}
	EndGlobalSection
EndGlobal
